{
  "version": 4,
  "terraform_version": "1.4.2",
  "serial": 5,
  "lineage": "730bb713-9b4a-e7aa-7994-acaa605eddae",
  "outputs": {
    "aws_s3_bucket_policy_tfer--ablackladytechblog-002E-com_id": {
      "value": "ablackladytechblog.com",
      "type": "string"
    },
    "aws_s3_bucket_policy_tfer--codepipeline-us-east-1-523599582413_id": {
      "value": "codepipeline-us-east-1-523599582413",
      "type": "string"
    },
    "aws_s3_bucket_policy_tfer--trinatking-002E-com_id": {
      "value": "trinatking.com",
      "type": "string"
    },
    "aws_s3_bucket_policy_tfer--www-002E-ablackladytechblog-002E-com_id": {
      "value": "www.ablackladytechblog.com",
      "type": "string"
    },
    "aws_s3_bucket_policy_tfer--www-002E-trinatking-002E-com_id": {
      "value": "www.trinatking.com",
      "type": "string"
    },
    "aws_s3_bucket_tfer--ablackladytechblog-002E-com_id": {
      "value": "ablackladytechblog.com",
      "type": "string"
    },
    "aws_s3_bucket_tfer--codepipeline-us-east-1-523599582413_id": {
      "value": "codepipeline-us-east-1-523599582413",
      "type": "string"
    },
    "aws_s3_bucket_tfer--trinatking-002E-com_id": {
      "value": "trinatking.com",
      "type": "string"
    },
    "aws_s3_bucket_tfer--www-002E-ablackladytechblog-002E-com_id": {
      "value": "www.ablackladytechblog.com",
      "type": "string"
    },
    "aws_s3_bucket_tfer--www-002E-trinatking-002E-com_id": {
      "value": "www.trinatking.com",
      "type": "string"
    }
  },
  "resources": [
    {
      "mode": "managed",
      "type": "aws_s3_bucket",
      "name": "tfer--ablackladytechblog-002E-com",
      "provider": "provider[\"registry.terraform.io/hashicorp/aws\"]",
      "instances": [
        {
          "schema_version": 0,
          "attributes": {
            "acceleration_status": "",
            "acl": "private",
            "arn": "arn:aws:s3:::ablackladytechblog.com",
            "bucket": "ablackladytechblog.com",
            "bucket_domain_name": "ablackladytechblog.com.s3.amazonaws.com",
            "bucket_prefix": null,
            "bucket_regional_domain_name": "ablackladytechblog.com.s3.amazonaws.com",
            "cors_rule": [],
            "force_destroy": false,
            "grant": [
              {
                "id": "2d1a4075a347cdb41a154eb6a2d4debe3b805b4711bb475f6d45f676ccae70f8",
                "permissions": [
                  "FULL_CONTROL"
                ],
                "type": "CanonicalUser",
                "uri": ""
              }
            ],
            "hosted_zone_id": "Z3AQBSTGFYJSTF",
            "id": "ablackladytechblog.com",
            "lifecycle_rule": [],
            "logging": [],
            "object_lock_configuration": [],
            "object_lock_enabled": false,
            "policy": "{\"Version\":\"2008-10-17\",\"Id\":\"PolicyForPublicWebsiteContent\",\"Statement\":[{\"Sid\":\"PublicReadGetObject\",\"Effect\":\"Allow\",\"Principal\":{\"AWS\":\"*\"},\"Action\":\"s3:GetObject\",\"Resource\":\"arn:aws:s3:::ablackladytechblog.com/*\"}]}",
            "region": "us-east-1",
            "replication_configuration": [],
            "request_payer": "BucketOwner",
            "server_side_encryption_configuration": [
              {
                "rule": [
                  {
                    "apply_server_side_encryption_by_default": [
                      {
                        "kms_master_key_id": "",
                        "sse_algorithm": "AES256"
                      }
                    ],
                    "bucket_key_enabled": false
                  }
                ]
              }
            ],
            "tags": {},
            "tags_all": {},
            "versioning": [
              {
                "enabled": true,
                "mfa_delete": false
              }
            ],
            "website": [
              {
                "error_document": "",
                "index_document": "index.html",
                "redirect_all_requests_to": "",
                "routing_rules": ""
              }
            ],
            "website_domain": "s3-website-us-east-1.amazonaws.com",
            "website_endpoint": "ablackladytechblog.com.s3-website-us-east-1.amazonaws.com"
          },
          "sensitive_attributes": []
        }
      ]
    },
    {
      "mode": "managed",
      "type": "aws_s3_bucket",
      "name": "tfer--codepipeline-us-east-1-523599582413",
      "provider": "provider[\"registry.terraform.io/hashicorp/aws\"]",
      "instances": [
        {
          "schema_version": 0,
          "attributes": {
            "acceleration_status": "",
            "acl": null,
            "arn": "arn:aws:s3:::codepipeline-us-east-1-523599582413",
            "bucket": "codepipeline-us-east-1-523599582413",
            "bucket_domain_name": "codepipeline-us-east-1-523599582413.s3.amazonaws.com",
            "bucket_prefix": null,
            "bucket_regional_domain_name": "codepipeline-us-east-1-523599582413.s3.amazonaws.com",
            "cors_rule": [],
            "force_destroy": false,
            "grant": [
              {
                "id": "2d1a4075a347cdb41a154eb6a2d4debe3b805b4711bb475f6d45f676ccae70f8",
                "permissions": [
                  "FULL_CONTROL"
                ],
                "type": "CanonicalUser",
                "uri": ""
              }
            ],
            "hosted_zone_id": "Z3AQBSTGFYJSTF",
            "id": "codepipeline-us-east-1-523599582413",
            "lifecycle_rule": [],
            "logging": [],
            "object_lock_configuration": [],
            "object_lock_enabled": false,
            "policy": "{\"Version\":\"2012-10-17\",\"Id\":\"SSEAndSSLPolicy\",\"Statement\":[{\"Sid\":\"DenyUnEncryptedObjectUploads\",\"Effect\":\"Deny\",\"Principal\":\"*\",\"Action\":\"s3:PutObject\",\"Resource\":\"arn:aws:s3:::codepipeline-us-east-1-523599582413/*\",\"Condition\":{\"StringNotEquals\":{\"s3:x-amz-server-side-encryption\":\"aws:kms\"}}},{\"Sid\":\"DenyInsecureConnections\",\"Effect\":\"Deny\",\"Principal\":\"*\",\"Action\":\"s3:*\",\"Resource\":\"arn:aws:s3:::codepipeline-us-east-1-523599582413/*\",\"Condition\":{\"Bool\":{\"aws:SecureTransport\":\"false\"}}}]}",
            "region": "us-east-1",
            "replication_configuration": [],
            "request_payer": "BucketOwner",
            "server_side_encryption_configuration": [
              {
                "rule": [
                  {
                    "apply_server_side_encryption_by_default": [
                      {
                        "kms_master_key_id": "",
                        "sse_algorithm": "AES256"
                      }
                    ],
                    "bucket_key_enabled": false
                  }
                ]
              }
            ],
            "tags": null,
            "tags_all": {},
            "versioning": [
              {
                "enabled": false,
                "mfa_delete": false
              }
            ],
            "website": [],
            "website_domain": null,
            "website_endpoint": null
          },
          "sensitive_attributes": [],
          "private": "bnVsbA=="
        }
      ]
    },
    {
      "mode": "managed",
      "type": "aws_s3_bucket",
      "name": "tfer--trinatking-002E-com",
      "provider": "provider[\"registry.terraform.io/hashicorp/aws\"]",
      "instances": [
        {
          "schema_version": 0,
          "attributes": {
            "acceleration_status": "",
            "acl": "private",
            "arn": "arn:aws:s3:::trinatking.com",
            "bucket": "trinatking.com",
            "bucket_domain_name": "trinatking.com.s3.amazonaws.com",
            "bucket_prefix": null,
            "bucket_regional_domain_name": "trinatking.com.s3.amazonaws.com",
            "cors_rule": [],
            "force_destroy": false,
            "grant": [
              {
                "id": "2d1a4075a347cdb41a154eb6a2d4debe3b805b4711bb475f6d45f676ccae70f8",
                "permissions": [
                  "FULL_CONTROL"
                ],
                "type": "CanonicalUser",
                "uri": ""
              }
            ],
            "hosted_zone_id": "Z3AQBSTGFYJSTF",
            "id": "trinatking.com",
            "lifecycle_rule": [],
            "logging": [],
            "object_lock_configuration": [],
            "object_lock_enabled": false,
            "policy": "{\"Version\":\"2008-10-17\",\"Id\":\"PolicyForCloudFrontPrivateContent\",\"Statement\":[{\"Sid\":\"1\",\"Effect\":\"Allow\",\"Principal\":{\"AWS\":\"arn:aws:iam::cloudfront:user/CloudFront Origin Access Identity E1DPEDO85H0OYN\"},\"Action\":\"s3:GetObject\",\"Resource\":\"arn:aws:s3:::trinatking.com/*\"}]}",
            "region": "us-east-1",
            "replication_configuration": [],
            "request_payer": "BucketOwner",
            "server_side_encryption_configuration": [
              {
                "rule": [
                  {
                    "apply_server_side_encryption_by_default": [
                      {
                        "kms_master_key_id": "",
                        "sse_algorithm": "AES256"
                      }
                    ],
                    "bucket_key_enabled": false
                  }
                ]
              }
            ],
            "tags": {
              "trinatking.com": "resume site"
            },
            "tags_all": {
              "trinatking.com": "resume site"
            },
            "versioning": [
              {
                "enabled": true,
                "mfa_delete": false
              }
            ],
            "website": [
              {
                "error_document": "",
                "index_document": "index.html",
                "redirect_all_requests_to": "",
                "routing_rules": ""
              }
            ],
            "website_domain": "s3-website-us-east-1.amazonaws.com",
            "website_endpoint": "trinatking.com.s3-website-us-east-1.amazonaws.com"
          },
          "sensitive_attributes": []
        }
      ]
    },
    {
      "mode": "managed",
      "type": "aws_s3_bucket",
      "name": "tfer--www-002E-ablackladytechblog-002E-com",
      "provider": "provider[\"registry.terraform.io/hashicorp/aws\"]",
      "instances": [
        {
          "schema_version": 0,
          "attributes": {
            "acceleration_status": "",
            "acl": "private",
            "arn": "arn:aws:s3:::www.ablackladytechblog.com",
            "bucket": "www.ablackladytechblog.com",
            "bucket_domain_name": "www.ablackladytechblog.com.s3.amazonaws.com",
            "bucket_prefix": null,
            "bucket_regional_domain_name": "www.ablackladytechblog.com.s3.amazonaws.com",
            "cors_rule": [],
            "force_destroy": false,
            "grant": [
              {
                "id": "2d1a4075a347cdb41a154eb6a2d4debe3b805b4711bb475f6d45f676ccae70f8",
                "permissions": [
                  "FULL_CONTROL"
                ],
                "type": "CanonicalUser",
                "uri": ""
              }
            ],
            "hosted_zone_id": "Z3AQBSTGFYJSTF",
            "id": "www.ablackladytechblog.com",
            "lifecycle_rule": [],
            "logging": [],
            "object_lock_configuration": [],
            "object_lock_enabled": false,
            "policy": "{\"Version\":\"2008-10-17\",\"Id\":\"PolicyForPublicWebsiteContent\",\"Statement\":[{\"Sid\":\"PublicReadGetObject\",\"Effect\":\"Allow\",\"Principal\":{\"AWS\":\"*\"},\"Action\":\"s3:GetObject\",\"Resource\":\"arn:aws:s3:::www.ablackladytechblog.com/*\"}]}",
            "region": "us-east-1",
            "replication_configuration": [],
            "request_payer": "BucketOwner",
            "server_side_encryption_configuration": [
              {
                "rule": [
                  {
                    "apply_server_side_encryption_by_default": [
                      {
                        "kms_master_key_id": "",
                        "sse_algorithm": "AES256"
                      }
                    ],
                    "bucket_key_enabled": false
                  }
                ]
              }
            ],
            "tags": {},
            "tags_all": {},
            "versioning": [
              {
                "enabled": true,
                "mfa_delete": false
              }
            ],
            "website": [],
            "website_domain": null,
            "website_endpoint": null
          },
          "sensitive_attributes": []
        }
      ]
    },
    {
      "mode": "managed",
      "type": "aws_s3_bucket",
      "name": "tfer--www-002E-trinatking-002E-com",
      "provider": "provider[\"registry.terraform.io/hashicorp/aws\"]",
      "instances": [
        {
          "schema_version": 0,
          "attributes": {
            "acceleration_status": "",
            "acl": "private",
            "arn": "arn:aws:s3:::www.trinatking.com",
            "bucket": "www.trinatking.com",
            "bucket_domain_name": "www.trinatking.com.s3.amazonaws.com",
            "bucket_prefix": null,
            "bucket_regional_domain_name": "www.trinatking.com.s3.amazonaws.com",
            "cors_rule": [],
            "force_destroy": false,
            "grant": [
              {
                "id": "2d1a4075a347cdb41a154eb6a2d4debe3b805b4711bb475f6d45f676ccae70f8",
                "permissions": [
                  "FULL_CONTROL"
                ],
                "type": "CanonicalUser",
                "uri": ""
              }
            ],
            "hosted_zone_id": "Z3AQBSTGFYJSTF",
            "id": "www.trinatking.com",
            "lifecycle_rule": [],
            "logging": [],
            "object_lock_configuration": [],
            "object_lock_enabled": false,
            "policy": "{\"Version\":\"2008-10-17\",\"Id\":\"PolicyForPublicWebsiteContent\",\"Statement\":[{\"Sid\":\"PublicReadGetObject\",\"Effect\":\"Allow\",\"Principal\":{\"AWS\":\"*\"},\"Action\":\"s3:GetObject\",\"Resource\":\"arn:aws:s3:::www.trinatking.com/*\"}]}",
            "region": "us-east-1",
            "replication_configuration": [],
            "request_payer": "BucketOwner",
            "server_side_encryption_configuration": [
              {
                "rule": [
                  {
                    "apply_server_side_encryption_by_default": [
                      {
                        "kms_master_key_id": "",
                        "sse_algorithm": "AES256"
                      }
                    ],
                    "bucket_key_enabled": false
                  }
                ]
              }
            ],
            "tags": {},
            "tags_all": {},
            "versioning": [
              {
                "enabled": true,
                "mfa_delete": false
              }
            ],
            "website": [
              {
                "error_document": "",
                "index_document": "",
                "redirect_all_requests_to": "http://trinatking.com",
                "routing_rules": ""
              }
            ],
            "website_domain": "s3-website-us-east-1.amazonaws.com",
            "website_endpoint": "www.trinatking.com.s3-website-us-east-1.amazonaws.com"
          },
          "sensitive_attributes": []
        }
      ]
    },
    {
      "mode": "managed",
      "type": "aws_s3_bucket_policy",
      "name": "tfer--ablackladytechblog-002E-com",
      "provider": "provider[\"registry.terraform.io/hashicorp/aws\"]",
      "instances": [
        {
          "schema_version": 0,
          "attributes": {
            "bucket": "ablackladytechblog.com",
            "id": "ablackladytechblog.com",
            "policy": "{\"Id\":\"PolicyForPublicWebsiteContent\",\"Statement\":[{\"Action\":\"s3:GetObject\",\"Effect\":\"Allow\",\"Principal\":{\"AWS\":\"*\"},\"Resource\":\"arn:aws:s3:::ablackladytechblog.com/*\",\"Sid\":\"PublicReadGetObject\"}],\"Version\":\"2008-10-17\"}"
          },
          "sensitive_attributes": []
        }
      ]
    },
    {
      "mode": "managed",
      "type": "aws_s3_bucket_policy",
      "name": "tfer--codepipeline-us-east-1-523599582413",
      "provider": "provider[\"registry.terraform.io/hashicorp/aws\"]",
      "instances": [
        {
          "schema_version": 0,
          "attributes": {
            "bucket": "codepipeline-us-east-1-523599582413",
            "id": "codepipeline-us-east-1-523599582413",
            "policy": "{\"Id\":\"SSEAndSSLPolicy\",\"Statement\":[{\"Action\":\"s3:PutObject\",\"Condition\":{\"StringNotEquals\":{\"s3:x-amz-server-side-encryption\":\"aws:kms\"}},\"Effect\":\"Deny\",\"Principal\":\"*\",\"Resource\":\"arn:aws:s3:::codepipeline-us-east-1-523599582413/*\",\"Sid\":\"DenyUnEncryptedObjectUploads\"},{\"Action\":\"s3:*\",\"Condition\":{\"Bool\":{\"aws:SecureTransport\":\"false\"}},\"Effect\":\"Deny\",\"Principal\":\"*\",\"Resource\":\"arn:aws:s3:::codepipeline-us-east-1-523599582413/*\",\"Sid\":\"DenyInsecureConnections\"}],\"Version\":\"2012-10-17\"}"
          },
          "sensitive_attributes": [],
          "private": "bnVsbA=="
        }
      ]
    },
    {
      "mode": "managed",
      "type": "aws_s3_bucket_policy",
      "name": "tfer--trinatking-002E-com",
      "provider": "provider[\"registry.terraform.io/hashicorp/aws\"]",
      "instances": [
        {
          "schema_version": 0,
          "attributes": {
            "bucket": "trinatking.com",
            "id": "trinatking.com",
            "policy": "{\"Id\":\"PolicyForCloudFrontPrivateContent\",\"Statement\":[{\"Action\":\"s3:GetObject\",\"Effect\":\"Allow\",\"Principal\":{\"AWS\":\"arn:aws:iam::cloudfront:user/CloudFront Origin Access Identity E1DPEDO85H0OYN\"},\"Resource\":\"arn:aws:s3:::trinatking.com/*\",\"Sid\":\"1\"}],\"Version\":\"2008-10-17\"}"
          },
          "sensitive_attributes": []
        }
      ]
    },
    {
      "mode": "managed",
      "type": "aws_s3_bucket_policy",
      "name": "tfer--www-002E-ablackladytechblog-002E-com",
      "provider": "provider[\"registry.terraform.io/hashicorp/aws\"]",
      "instances": [
        {
          "schema_version": 0,
          "attributes": {
            "bucket": "www.ablackladytechblog.com",
            "id": "www.ablackladytechblog.com",
            "policy": "{\"Id\":\"PolicyForPublicWebsiteContent\",\"Statement\":[{\"Action\":\"s3:GetObject\",\"Effect\":\"Allow\",\"Principal\":{\"AWS\":\"*\"},\"Resource\":\"arn:aws:s3:::www.ablackladytechblog.com/*\",\"Sid\":\"PublicReadGetObject\"}],\"Version\":\"2008-10-17\"}"
          },
          "sensitive_attributes": []
        }
      ]
    },
    {
      "mode": "managed",
      "type": "aws_s3_bucket_policy",
      "name": "tfer--www-002E-trinatking-002E-com",
      "provider": "provider[\"registry.terraform.io/hashicorp/aws\"]",
      "instances": [
        {
          "schema_version": 0,
          "attributes": {
            "bucket": "www.trinatking.com",
            "id": "www.trinatking.com",
            "policy": "{\"Id\":\"PolicyForPublicWebsiteContent\",\"Statement\":[{\"Action\":\"s3:GetObject\",\"Effect\":\"Allow\",\"Principal\":{\"AWS\":\"*\"},\"Resource\":\"arn:aws:s3:::www.trinatking.com/*\",\"Sid\":\"PublicReadGetObject\"}],\"Version\":\"2008-10-17\"}"
          },
          "sensitive_attributes": []
        }
      ]
    }
  ],
  "check_results": null
}
