{
  "version": 4,
  "terraform_version": "1.2.0",
  "serial": 6,
  "lineage": "079f6a2b-1ed5-389c-489c-d18167846723",
  "outputs": {
    "aws_api_gateway_integration_response_tfer--g21z1pb3pa-002F-n8bg4d4t5k-002F-GET-002F-200_id": {
      "value": "g21z1pb3pa/n8bg4d4t5k/GET/200",
      "type": "string"
    },
    "aws_api_gateway_integration_response_tfer--g21z1pb3pa-002F-n8bg4d4t5k-002F-OPTIONS-002F-200_id": {
      "value": "g21z1pb3pa/n8bg4d4t5k/OPTIONS/200",
      "type": "string"
    },
    "aws_api_gateway_integration_response_tfer--g21z1pb3pa-002F-n8bg4d4t5k-002F-POST-002F-200_id": {
      "value": "g21z1pb3pa/n8bg4d4t5k/POST/200",
      "type": "string"
    },
    "aws_api_gateway_integration_tfer--g21z1pb3pa-002F-n8bg4d4t5k-002F-GET_id": {
      "value": "g21z1pb3pa/n8bg4d4t5k/GET",
      "type": "string"
    },
    "aws_api_gateway_integration_tfer--g21z1pb3pa-002F-n8bg4d4t5k-002F-OPTIONS_id": {
      "value": "g21z1pb3pa/n8bg4d4t5k/OPTIONS",
      "type": "string"
    },
    "aws_api_gateway_integration_tfer--g21z1pb3pa-002F-n8bg4d4t5k-002F-POST_id": {
      "value": "g21z1pb3pa/n8bg4d4t5k/POST",
      "type": "string"
    },
    "aws_api_gateway_method_response_tfer--g21z1pb3pa-002F-n8bg4d4t5k-002F-GET-002F-200_id": {
      "value": "g21z1pb3pa/n8bg4d4t5k/GET/200",
      "type": "string"
    },
    "aws_api_gateway_method_response_tfer--g21z1pb3pa-002F-n8bg4d4t5k-002F-OPTIONS-002F-200_id": {
      "value": "g21z1pb3pa/n8bg4d4t5k/OPTIONS/200",
      "type": "string"
    },
    "aws_api_gateway_method_response_tfer--g21z1pb3pa-002F-n8bg4d4t5k-002F-POST-002F-200_id": {
      "value": "g21z1pb3pa/n8bg4d4t5k/POST/200",
      "type": "string"
    },
    "aws_api_gateway_method_tfer--g21z1pb3pa-002F-n8bg4d4t5k-002F-GET_id": {
      "value": "g21z1pb3pa/n8bg4d4t5k/GET",
      "type": "string"
    },
    "aws_api_gateway_method_tfer--g21z1pb3pa-002F-n8bg4d4t5k-002F-OPTIONS_id": {
      "value": "g21z1pb3pa/n8bg4d4t5k/OPTIONS",
      "type": "string"
    },
    "aws_api_gateway_method_tfer--g21z1pb3pa-002F-n8bg4d4t5k-002F-POST_id": {
      "value": "g21z1pb3pa/n8bg4d4t5k/POST",
      "type": "string"
    },
    "aws_api_gateway_model_tfer--7fqmff_id": {
      "value": "7fqmff",
      "type": "string"
    },
    "aws_api_gateway_model_tfer--inq6k0_id": {
      "value": "inq6k0",
      "type": "string"
    },
    "aws_api_gateway_resource_tfer--n8bg4d4t5k_id": {
      "value": "n8bg4d4t5k",
      "type": "string"
    },
    "aws_api_gateway_rest_api_tfer--visitors_id": {
      "value": "g21z1pb3pa",
      "type": "string"
    },
    "aws_api_gateway_stage_tfer--g21z1pb3pa-002F-prod_id": {
      "value": "g21z1pb3pa/prod",
      "type": "string"
    }
  },
  "resources": [
    {
      "mode": "managed",
      "type": "aws_api_gateway_integration",
      "name": "tfer--g21z1pb3pa-002F-n8bg4d4t5k-002F-GET",
      "provider": "provider[\"registry.terraform.io/hashicorp/aws\"]",
      "instances": [
        {
          "schema_version": 0,
          "attributes": {
            "cache_key_parameters": [],
            "cache_namespace": "n8bg4d4t5k",
            "connection_id": "",
            "connection_type": "INTERNET",
            "content_handling": "CONVERT_TO_TEXT",
            "credentials": "",
            "http_method": "GET",
            "id": "g21z1pb3pa/n8bg4d4t5k/GET",
            "integration_http_method": "POST",
            "passthrough_behavior": "WHEN_NO_TEMPLATES",
            "request_parameters": {},
            "request_templates": {
              "application/json": "{\n    \"http_method\": \"$context.httpMethod\"\n}"
            },
            "resource_id": "n8bg4d4t5k",
            "rest_api_id": "g21z1pb3pa",
            "timeout_milliseconds": 29000,
            "tls_config": [],
            "type": "AWS",
            "uri": "arn:aws:apigateway:us-east-1:lambda:path/2015-03-31/functions/arn:aws:lambda:us-east-1:438207642063:function:Visitors/invocations"
          },
          "sensitive_attributes": []
        }
      ]
    },
    {
      "mode": "managed",
      "type": "aws_api_gateway_integration",
      "name": "tfer--g21z1pb3pa-002F-n8bg4d4t5k-002F-OPTIONS",
      "provider": "provider[\"registry.terraform.io/hashicorp/aws\"]",
      "instances": [
        {
          "schema_version": 0,
          "attributes": {
            "cache_key_parameters": [],
            "cache_namespace": "n8bg4d4t5k",
            "connection_id": "",
            "connection_type": "INTERNET",
            "content_handling": "",
            "credentials": "",
            "http_method": "OPTIONS",
            "id": "g21z1pb3pa/n8bg4d4t5k/OPTIONS",
            "integration_http_method": "",
            "passthrough_behavior": "WHEN_NO_MATCH",
            "request_parameters": {},
            "request_templates": {
              "application/json": "{\"statusCode\": 200}"
            },
            "resource_id": "n8bg4d4t5k",
            "rest_api_id": "g21z1pb3pa",
            "timeout_milliseconds": 29000,
            "tls_config": [],
            "type": "MOCK",
            "uri": ""
          },
          "sensitive_attributes": []
        }
      ]
    },
    {
      "mode": "managed",
      "type": "aws_api_gateway_integration",
      "name": "tfer--g21z1pb3pa-002F-n8bg4d4t5k-002F-POST",
      "provider": "provider[\"registry.terraform.io/hashicorp/aws\"]",
      "instances": [
        {
          "schema_version": 0,
          "attributes": {
            "cache_key_parameters": [],
            "cache_namespace": "n8bg4d4t5k",
            "connection_id": "",
            "connection_type": "INTERNET",
            "content_handling": "CONVERT_TO_TEXT",
            "credentials": "",
            "http_method": "POST",
            "id": "g21z1pb3pa/n8bg4d4t5k/POST",
            "integration_http_method": "POST",
            "passthrough_behavior": "WHEN_NO_TEMPLATES",
            "request_parameters": {},
            "request_templates": {
              "application/json": "{\n    \"http_method\": \"$context.httpMethod\"\n}"
            },
            "resource_id": "n8bg4d4t5k",
            "rest_api_id": "g21z1pb3pa",
            "timeout_milliseconds": 29000,
            "tls_config": [],
            "type": "AWS",
            "uri": "arn:aws:apigateway:us-east-1:lambda:path/2015-03-31/functions/arn:aws:lambda:us-east-1:438207642063:function:Visitors/invocations"
          },
          "sensitive_attributes": []
        }
      ]
    },
    {
      "mode": "managed",
      "type": "aws_api_gateway_integration_response",
      "name": "tfer--g21z1pb3pa-002F-n8bg4d4t5k-002F-GET-002F-200",
      "provider": "provider[\"registry.terraform.io/hashicorp/aws\"]",
      "instances": [
        {
          "schema_version": 0,
          "attributes": {
            "content_handling": "",
            "http_method": "GET",
            "id": "agir-g21z1pb3pa-n8bg4d4t5k-GET-200",
            "resource_id": "n8bg4d4t5k",
            "response_parameters": {
              "method.response.header.Access-Control-Allow-Origin": "'*'"
            },
            "response_templates": {},
            "rest_api_id": "g21z1pb3pa",
            "selection_pattern": "",
            "status_code": "200"
          },
          "sensitive_attributes": [],
          "private": "bnVsbA=="
        }
      ]
    },
    {
      "mode": "managed",
      "type": "aws_api_gateway_integration_response",
      "name": "tfer--g21z1pb3pa-002F-n8bg4d4t5k-002F-OPTIONS-002F-200",
      "provider": "provider[\"registry.terraform.io/hashicorp/aws\"]",
      "instances": [
        {
          "schema_version": 0,
          "attributes": {
            "content_handling": "",
            "http_method": "OPTIONS",
            "id": "agir-g21z1pb3pa-n8bg4d4t5k-OPTIONS-200",
            "resource_id": "n8bg4d4t5k",
            "response_parameters": {
              "method.response.header.Access-Control-Allow-Headers": "'Content-Type,X-Amz-Date,Authorization,X-Api-Key,X-Amz-Security-Token'",
              "method.response.header.Access-Control-Allow-Methods": "'GET,OPTIONS,POST'",
              "method.response.header.Access-Control-Allow-Origin": "'*'"
            },
            "response_templates": {},
            "rest_api_id": "g21z1pb3pa",
            "selection_pattern": "",
            "status_code": "200"
          },
          "sensitive_attributes": [],
          "private": "bnVsbA=="
        }
      ]
    },
    {
      "mode": "managed",
      "type": "aws_api_gateway_integration_response",
      "name": "tfer--g21z1pb3pa-002F-n8bg4d4t5k-002F-POST-002F-200",
      "provider": "provider[\"registry.terraform.io/hashicorp/aws\"]",
      "instances": [
        {
          "schema_version": 0,
          "attributes": {
            "content_handling": "",
            "http_method": "POST",
            "id": "agir-g21z1pb3pa-n8bg4d4t5k-POST-200",
            "resource_id": "n8bg4d4t5k",
            "response_parameters": {
              "method.response.header.Access-Control-Allow-Origin": "'*'"
            },
            "response_templates": {},
            "rest_api_id": "g21z1pb3pa",
            "selection_pattern": "",
            "status_code": "200"
          },
          "sensitive_attributes": [],
          "private": "bnVsbA=="
        }
      ]
    },
    {
      "mode": "managed",
      "type": "aws_api_gateway_method",
      "name": "tfer--g21z1pb3pa-002F-n8bg4d4t5k-002F-GET",
      "provider": "provider[\"registry.terraform.io/hashicorp/aws\"]",
      "instances": [
        {
          "schema_version": 0,
          "attributes": {
            "api_key_required": false,
            "authorization": "NONE",
            "authorization_scopes": [],
            "authorizer_id": "",
            "http_method": "GET",
            "id": "g21z1pb3pa/n8bg4d4t5k/GET",
            "operation_name": "",
            "request_models": {},
            "request_parameters": {},
            "request_validator_id": "7ypg0k",
            "resource_id": "n8bg4d4t5k",
            "rest_api_id": "g21z1pb3pa"
          },
          "sensitive_attributes": []
        }
      ]
    },
    {
      "mode": "managed",
      "type": "aws_api_gateway_method",
      "name": "tfer--g21z1pb3pa-002F-n8bg4d4t5k-002F-OPTIONS",
      "provider": "provider[\"registry.terraform.io/hashicorp/aws\"]",
      "instances": [
        {
          "schema_version": 0,
          "attributes": {
            "api_key_required": false,
            "authorization": "NONE",
            "authorization_scopes": [],
            "authorizer_id": "",
            "http_method": "OPTIONS",
            "id": "g21z1pb3pa/n8bg4d4t5k/OPTIONS",
            "operation_name": "",
            "request_models": {},
            "request_parameters": {},
            "request_validator_id": "",
            "resource_id": "n8bg4d4t5k",
            "rest_api_id": "g21z1pb3pa"
          },
          "sensitive_attributes": []
        }
      ]
    },
    {
      "mode": "managed",
      "type": "aws_api_gateway_method",
      "name": "tfer--g21z1pb3pa-002F-n8bg4d4t5k-002F-POST",
      "provider": "provider[\"registry.terraform.io/hashicorp/aws\"]",
      "instances": [
        {
          "schema_version": 0,
          "attributes": {
            "api_key_required": false,
            "authorization": "NONE",
            "authorization_scopes": [],
            "authorizer_id": "",
            "http_method": "POST",
            "id": "g21z1pb3pa/n8bg4d4t5k/POST",
            "operation_name": "",
            "request_models": {},
            "request_parameters": {},
            "request_validator_id": "7ypg0k",
            "resource_id": "n8bg4d4t5k",
            "rest_api_id": "g21z1pb3pa"
          },
          "sensitive_attributes": []
        }
      ]
    },
    {
      "mode": "managed",
      "type": "aws_api_gateway_method_response",
      "name": "tfer--g21z1pb3pa-002F-n8bg4d4t5k-002F-GET-002F-200",
      "provider": "provider[\"registry.terraform.io/hashicorp/aws\"]",
      "instances": [
        {
          "schema_version": 0,
          "attributes": {
            "http_method": "GET",
            "id": "g21z1pb3pa/n8bg4d4t5k/GET/200",
            "resource_id": "n8bg4d4t5k",
            "response_models": {
              "application/json": "Empty"
            },
            "response_parameters": {
              "method.response.header.Access-Control-Allow-Origin": false
            },
            "rest_api_id": "g21z1pb3pa",
            "status_code": "200"
          },
          "sensitive_attributes": []
        }
      ]
    },
    {
      "mode": "managed",
      "type": "aws_api_gateway_method_response",
      "name": "tfer--g21z1pb3pa-002F-n8bg4d4t5k-002F-OPTIONS-002F-200",
      "provider": "provider[\"registry.terraform.io/hashicorp/aws\"]",
      "instances": [
        {
          "schema_version": 0,
          "attributes": {
            "http_method": "OPTIONS",
            "id": "g21z1pb3pa/n8bg4d4t5k/OPTIONS/200",
            "resource_id": "n8bg4d4t5k",
            "response_models": {
              "application/json": "Empty"
            },
            "response_parameters": {
              "method.response.header.Access-Control-Allow-Headers": false,
              "method.response.header.Access-Control-Allow-Methods": false,
              "method.response.header.Access-Control-Allow-Origin": false
            },
            "rest_api_id": "g21z1pb3pa",
            "status_code": "200"
          },
          "sensitive_attributes": []
        }
      ]
    },
    {
      "mode": "managed",
      "type": "aws_api_gateway_method_response",
      "name": "tfer--g21z1pb3pa-002F-n8bg4d4t5k-002F-POST-002F-200",
      "provider": "provider[\"registry.terraform.io/hashicorp/aws\"]",
      "instances": [
        {
          "schema_version": 0,
          "attributes": {
            "http_method": "POST",
            "id": "g21z1pb3pa/n8bg4d4t5k/POST/200",
            "resource_id": "n8bg4d4t5k",
            "response_models": {
              "application/json": "Empty"
            },
            "response_parameters": {
              "method.response.header.Access-Control-Allow-Origin": false
            },
            "rest_api_id": "g21z1pb3pa",
            "status_code": "200"
          },
          "sensitive_attributes": []
        }
      ]
    },
    {
      "mode": "managed",
      "type": "aws_api_gateway_model",
      "name": "tfer--7fqmff",
      "provider": "provider[\"registry.terraform.io/hashicorp/aws\"]",
      "instances": [
        {
          "schema_version": 0,
          "attributes": {
            "content_type": "application/json",
            "description": "This is a default empty schema model",
            "id": "7fqmff",
            "name": "Empty",
            "rest_api_id": "g21z1pb3pa",
            "schema": "{\n  \"$schema\": \"http://json-schema.org/draft-04/schema#\",\n  \"title\" : \"Empty Schema\",\n  \"type\" : \"object\"\n}"
          },
          "sensitive_attributes": []
        }
      ]
    },
    {
      "mode": "managed",
      "type": "aws_api_gateway_model",
      "name": "tfer--inq6k0",
      "provider": "provider[\"registry.terraform.io/hashicorp/aws\"]",
      "instances": [
        {
          "schema_version": 0,
          "attributes": {
            "content_type": "application/json",
            "description": "This is a default error schema model",
            "id": "inq6k0",
            "name": "Error",
            "rest_api_id": "g21z1pb3pa",
            "schema": "{\n  \"$schema\" : \"http://json-schema.org/draft-04/schema#\",\n  \"title\" : \"Error Schema\",\n  \"type\" : \"object\",\n  \"properties\" : {\n    \"message\" : { \"type\" : \"string\" }\n  }\n}"
          },
          "sensitive_attributes": []
        }
      ]
    },
    {
      "mode": "managed",
      "type": "aws_api_gateway_resource",
      "name": "tfer--n8bg4d4t5k",
      "provider": "provider[\"registry.terraform.io/hashicorp/aws\"]",
      "instances": [
        {
          "schema_version": 0,
          "attributes": {
            "id": "n8bg4d4t5k",
            "parent_id": "",
            "path": "/",
            "path_part": "",
            "rest_api_id": "g21z1pb3pa"
          },
          "sensitive_attributes": []
        }
      ]
    },
    {
      "mode": "managed",
      "type": "aws_api_gateway_rest_api",
      "name": "tfer--visitors",
      "provider": "provider[\"registry.terraform.io/hashicorp/aws\"]",
      "instances": [
        {
          "schema_version": 0,
          "attributes": {
            "api_key_source": "HEADER",
            "arn": "arn:aws:apigateway:us-east-1::/restapis/g21z1pb3pa",
            "binary_media_types": [],
            "body": null,
            "created_date": "2022-03-04T20:40:32Z",
            "description": "",
            "disable_execute_api_endpoint": false,
            "endpoint_configuration": [
              {
                "types": [
                  "REGIONAL"
                ],
                "vpc_endpoint_ids": []
              }
            ],
            "execution_arn": "arn:aws:execute-api:us-east-1:438207642063:g21z1pb3pa",
            "id": "g21z1pb3pa",
            "minimum_compression_size": -1,
            "name": "visitors",
            "parameters": null,
            "policy": "",
            "root_resource_id": "n8bg4d4t5k",
            "tags": {},
            "tags_all": {}
          },
          "sensitive_attributes": []
        }
      ]
    },
    {
      "mode": "managed",
      "type": "aws_api_gateway_stage",
      "name": "tfer--g21z1pb3pa-002F-prod",
      "provider": "provider[\"registry.terraform.io/hashicorp/aws\"]",
      "instances": [
        {
          "schema_version": 0,
          "attributes": {
            "access_log_settings": [],
            "arn": "arn:aws:apigateway:us-east-1::/restapis/g21z1pb3pa/stages/prod",
            "cache_cluster_enabled": false,
            "cache_cluster_size": "",
            "canary_settings": [],
            "client_certificate_id": "",
            "deployment_id": "iep57f",
            "description": "",
            "documentation_version": "",
            "execution_arn": "arn:aws:execute-api:us-east-1:438207642063:g21z1pb3pa/prod",
            "id": "g21z1pb3pa/prod",
            "invoke_url": "https://g21z1pb3pa.execute-api.us-east-1.amazonaws.com/prod",
            "rest_api_id": "g21z1pb3pa",
            "stage_name": "prod",
            "tags": {},
            "tags_all": {},
            "variables": {},
            "web_acl_arn": "",
            "xray_tracing_enabled": false
          },
          "sensitive_attributes": []
        }
      ]
    }
  ]
}
