{
  "version": 4,
  "terraform_version": "1.2.0",
  "serial": 1,
  "lineage": "aa928eae-0f8f-f359-4f7c-849d9690e4bd",
  "outputs": {
    "aws_dynamodb_table_tfer--Visitors_id": {
      "value": "Visitors",
      "type": "string"
    }
  },
  "resources": [
    {
      "mode": "managed",
      "type": "aws_dynamodb_table",
      "name": "tfer--Visitors",
      "provider": "provider[\"registry.terraform.io/-/aws\"]",
      "instances": [
        {
          "schema_version": 1,
          "attributes_flat": {
            "arn": "arn:aws:dynamodb:us-east-1:438207642063:table/Visitors",
            "attribute.#": "1",
            "attribute.0.name": "visitor_id",
            "attribute.0.type": "S",
            "billing_mode": "PROVISIONED",
            "global_secondary_index.#": "0",
            "hash_key": "visitor_id",
            "id": "Visitors",
            "local_secondary_index.#": "0",
            "name": "Visitors",
            "point_in_time_recovery.#": "1",
            "point_in_time_recovery.0.enabled": "false",
            "read_capacity": "1",
            "replica.#": "0",
            "server_side_encryption.#": "0",
            "stream_arn": "",
            "stream_enabled": "false",
            "stream_label": "",
            "stream_view_type": "",
            "table_class": "",
            "tags.%": "0",
            "tags_all.%": "0",
            "ttl.#": "1",
            "ttl.0.attribute_name": "",
            "ttl.0.enabled": "false",
            "write_capacity": "1"
          },
          "sensitive_attributes": []
        }
      ]
    }
  ]
}
