{
  "version": 4,
  "terraform_version": "1.2.3",
  "serial": 2,
  "lineage": "9179803e-f007-0e25-70c9-2458ff992d81",
  "outputs": {
    "aws_cloudfront_distribution_tfer--E1DEVWCUSCYOPW_id": {
      "value": "E1DEVWCUSCYOPW",
      "type": "string"
    }
  },
  "resources": [
    {
      "mode": "managed",
      "type": "aws_cloudfront_distribution",
      "name": "tfer--E1DEVWCUSCYOPW",
      "provider": "provider[\"registry.terraform.io/hashicorp/aws\"]",
      "instances": [
        {
          "schema_version": 1,
          "attributes_flat": {
            "aliases.#": "2",
            "aliases.0": "trinatking.com",
            "aliases.1": "www.trinatking.com",
            "arn": "arn:aws:cloudfront::438207642063:distribution/E1DEVWCUSCYOPW",
            "caller_reference": "972d442a-2fa2-4a3d-94b7-7f0d9e3d9ea0",
            "custom_error_response.#": "0",
            "default_cache_behavior.#": "1",
            "default_cache_behavior.0.allowed_methods.#": "2",
            "default_cache_behavior.0.allowed_methods.0": "GET",
            "default_cache_behavior.0.allowed_methods.1": "HEAD",
            "default_cache_behavior.0.cache_policy_id": "658327ea-f89d-4fab-a63d-7e88639e58f6",
            "default_cache_behavior.0.cached_methods.#": "2",
            "default_cache_behavior.0.cached_methods.0": "GET",
            "default_cache_behavior.0.cached_methods.1": "HEAD",
            "default_cache_behavior.0.compress": "true",
            "default_cache_behavior.0.default_ttl": "0",
            "default_cache_behavior.0.field_level_encryption_id": "",
            "default_cache_behavior.0.forwarded_values.#": "0",
            "default_cache_behavior.0.function_association.#": "0",
            "default_cache_behavior.0.lambda_function_association.#": "0",
            "default_cache_behavior.0.max_ttl": "0",
            "default_cache_behavior.0.min_ttl": "0",
            "default_cache_behavior.0.origin_request_policy_id": "",
            "default_cache_behavior.0.realtime_log_config_arn": "",
            "default_cache_behavior.0.response_headers_policy_id": "",
            "default_cache_behavior.0.smooth_streaming": "false",
            "default_cache_behavior.0.target_origin_id": "trinatking.com.s3.us-east-1.amazonaws.com",
            "default_cache_behavior.0.trusted_key_groups.#": "0",
            "default_cache_behavior.0.trusted_signers.#": "0",
            "default_cache_behavior.0.viewer_protocol_policy": "https-only",
            "default_root_object": "index.html",
            "domain_name": "d1o75q5exq6z0v.cloudfront.net",
            "enabled": "true",
            "etag": "E1FERGJ4AA5WB0",
            "hosted_zone_id": "Z2FDTNDATAQYW2",
            "http_version": "http2",
            "id": "E1DEVWCUSCYOPW",
            "in_progress_validation_batches": "0",
            "is_ipv6_enabled": "true",
            "last_modified_time": "2022-03-11 12:54:22.144 +0000 UTC",
            "logging_config.#": "0",
            "ordered_cache_behavior.#": "0",
            "origin.#": "1",
            "origin.0.connection_attempts": "3",
            "origin.0.connection_timeout": "10",
            "origin.0.custom_header.#": "0",
            "origin.0.custom_origin_config.#": "0",
            "origin.0.domain_name": "trinatking.com.s3.us-east-1.amazonaws.com",
            "origin.0.origin_id": "trinatking.com.s3.us-east-1.amazonaws.com",
            "origin.0.origin_path": "",
            "origin.0.origin_shield.#": "0",
            "origin.0.s3_origin_config.#": "1",
            "origin.0.s3_origin_config.0.origin_access_identity": "origin-access-identity/cloudfront/E1DPEDO85H0OYN",
            "price_class": "PriceClass_All",
            "restrictions.#": "1",
            "restrictions.0.geo_restriction.#": "1",
            "restrictions.0.geo_restriction.0.locations.#": "0",
            "restrictions.0.geo_restriction.0.restriction_type": "none",
            "retain_on_delete": "false",
            "status": "Deployed",
            "tags.%": "0",
            "tags_all.%": "0",
            "trusted_key_groups.#": "1",
            "trusted_key_groups.0.enabled": "false",
            "trusted_key_groups.0.items.#": "0",
            "trusted_signers.#": "1",
            "trusted_signers.0.enabled": "false",
            "trusted_signers.0.items.#": "0",
            "viewer_certificate.#": "1",
            "viewer_certificate.0.acm_certificate_arn": "arn:aws:acm:us-east-1:438207642063:certificate/126bbdeb-bf7f-4306-a3e7-d71df435cd2c",
            "viewer_certificate.0.cloudfront_default_certificate": "false",
            "viewer_certificate.0.iam_certificate_id": "",
            "viewer_certificate.0.minimum_protocol_version": "TLSv1.2_2021",
            "viewer_certificate.0.ssl_support_method": "sni-only",
            "web_acl_id": ""
          },
          "sensitive_attributes": []
        }
      ]
    }
  ]
}
