{
  "version": 4,
  "terraform_version": "1.2.0",
  "serial": 2,
  "lineage": "1b15f64d-523c-28c5-a9a7-8ad7947a955b",
  "outputs": {
    "aws_lambda_function_tfer--Visitors_id": {
      "value": "arn:aws:lambda:us-east-1:438207642063:function:Visitors",
      "type": "string"
    }
  },
  "resources": [
    {
      "mode": "managed",
      "type": "aws_lambda_function",
      "name": "tfer--Visitors",
      "provider": "provider[\"registry.terraform.io/hashicorp/aws\"]",
      "instances": [
        {
          "schema_version": 0,
          "attributes_flat": {
            "architectures.#": "1",
            "architectures.0": "x86_64",
            "arn": "arn:aws:lambda:us-east-1:438207642063:function:Visitors",
            "code_signing_config_arn": "",
            "dead_letter_config.#": "0",
            "description": "",
            "environment.#": "0",
            "ephemeral_storage.#": "1",
            "ephemeral_storage.0.size": "512",
            "file_system_config.#": "0",
            "function_name": "Visitors",
            "handler": "lambda_function.handler",
            "id": "arn:aws:lambda:us-east-1:438207642063:function:Visitors",
            "image_config.#": "0",
            "image_uri": "",
            "invoke_arn": "arn:aws:apigateway:us-east-1:lambda:path/2015-03-31/functions/arn:aws:lambda:us-east-1:438207642063:function:Visitors/invocations",
            "kms_key_arn": "",
            "last_modified": "2022-03-07T20:31:30.105+0000",
            "layers.#": "0",
            "memory_size": "128",
            "package_type": "Zip",
            "qualified_arn": "arn:aws:lambda:us-east-1:438207642063:function:Visitors:$LATEST",
            "reserved_concurrent_executions": "-1",
            "role": "arn:aws:iam::438207642063:role/lambda",
            "runtime": "python3.9",
            "signing_job_arn": "",
            "signing_profile_version_arn": "",
            "source_code_hash": "rLzZNRGSF1hIvSoUPpumS7xEGr75b25BMcreTBOn1i0=",
            "source_code_size": "446",
            "tags.%": "0",
            "tags_all.%": "0",
            "timeout": "3",
            "tracing_config.#": "1",
            "tracing_config.0.mode": "PassThrough",
            "version": "$LATEST",
            "vpc_config.#": "0"
          },
          "sensitive_attributes": []
        }
      ]
    }
  ]
}
